{
  "kitVersion": {
    "version": "0.6.0",
    "sha": null
  },
  "hashAlgo": "sha256-lf",
  "files": {
    ".claude/.gitattributes": "d60f352d0db1404c70afb4bb8b2ca3fd1c610572aa40720e8a0b7baa7885418c",
    ".claude/.gitignore": "dda7eeeb0fdfbcc920f870f2bfd7238b32ebe2d7fe721b25c711368c3d968a43",
    ".claude/agents/implementer.md": "29fc08f4624d5d98f420de52280a04b099be12c22c3dfc2315e13b6f24971096",
    ".claude/agents/investigator.md": "3bb41eead1759ac8f69879151b949c5fe1c9134248f0df47382c87658168bbdb",
    ".claude/hooks/docs-only.ts": "bcabc56f9bab19130cc8967ae0d51826576121d36c6b72b3a0c1a24bac4381cd",
    ".claude/hooks/lib.ts": "0f61555ca86bea5c44208c420245c98afe03b0876d90b54f3b021323ccee1bd8",
    ".claude/hooks/package.json": "1239d4d885dcad42201a27ed9324f8f0f760b78700d8db9ced39a511cffe7eae",
    ".claude/hooks/path-fence.ts": "f9fcb26ee67663a8e5fda0b12a6749449bade69370426f1a13b86b2469b58f42",
    ".claude/hooks/pr-watch.ts": "f29fe86994dfa7091c603a3f798b5243b6fe202f98926a12f9e99d77d8681d9e",
    ".claude/hooks/reload-plan.ts": "e6141636c2e5ffa6d207fc346a201492517f21e60856d124e1c94f4974b488c2",
    ".claude/hooks/rule-zero-selftest.ts": "d3f5dd89387240bf88da89016840c8a2746061f4cb77fe78981bf0ae9f738835",
    ".claude/hooks/rule-zero.ts": "4e5178ad0de0b5dc8155633fd1bff7c9b42bd47ce467e198a4557c22d78d3858",
    ".claude/hooks/status-block.ts": "b8469dd687ece55dcf402b51702bff6978042e40c89bf115695452ce85cbb64d",
    ".claude/rule-zero.conf": "63402b3d6582dfd6445bec88fe85660625ba0a9520e3a86cbd8ad7404f90b26a",
    ".claude/rules/process.md": "0efcf9b3f0424067240343bdbb29d1b322459effb89c3ab53921619757d0b667",
    ".claude/settings.json": "0e52d4c865808bc6f2c4cde7d62e85638c1876091e530fa7666029068394bcb8",
    ".claude/skills/contribute/SKILL.md": "81cd09d88f2a6ba69b6403d7a86ed27681e7285f2dcf77aaf0839da92bd36291",
    ".claude/skills/contribute/templates/blocked-issue.md": "2603ac2946c04c4464d7e709f26f4c93af6d82145d70439cb2c7b949cedf213c",
    ".claude/skills/contribute/templates/investigation.md": "ea321db01e7ef03bd4b85e98e911f44bf84c79d5d0d9cd8e3e5d7edf13bc5f8e",
    ".claude/skills/contribute/templates/issue-comment.md": "7338fac3d2e364e12bbaba6000c4108e359912925ff39ca03f11bb831569ba30",
    ".claude/skills/contribute/templates/phase.md": "4fdbf6cd1206c8ccaf7409b2676c1838bee6e0df3747443ee91951134f768dab",
    ".claude/skills/contribute/templates/plan.md": "f326bbe0c0ffcbb9787908ba75f26bfd5794b4186b9f9b27c9660a313fd83ef4",
    ".claude/skills/contribute/templates/pr-body.md": "984dcb41b66b3d2fc5e9813e963aa7be46506c2a856723a365ce7f2aed012292",
    ".claude/skills/contribute/templates/review.md": "80564b61a017854b152838d71c05993846c43aa69a5aa7baab7bae44196b8ca8",
    "CLAUDE.md": "8286222d4bff30c3f4bda141073ad7d95ead05ea2d0759cf52c46f21892b5bbe",
    "docs/guides/agent-workflow.md": "bf04f874ed3f2c7433c3a2cdb32430433863f443efd1065f7c38fb236c4bf406",
    "docs/history/.gitkeep": "e3b0c44298fc1c149afbf4c8996fb92427ae41e4649b934ca495991b7852b855",
    "docs/history/index.md": "fe2f9fa93cbe93a950f637b87be297d4e80e64061fe4c6dbccf39ccf7d353cb4",
    "docs/plans/.gitkeep": "e3b0c44298fc1c149afbf4c8996fb92427ae41e4649b934ca495991b7852b855",
    "docs/reports/.gitkeep": "e3b0c44298fc1c149afbf4c8996fb92427ae41e4649b934ca495991b7852b855",
    "docs/reviews/.gitkeep": "e3b0c44298fc1c149afbf4c8996fb92427ae41e4649b934ca495991b7852b855",
    "mem/index.md": "a9335ab45a66de365247bbd2c9c1d065a5c529333ae857fe3514d3adf9c505f6"
  },
  "hooksManifest": [
    "docs-only.ts",
    "path-fence.ts",
    "pr-watch.ts",
    "reload-plan.ts",
    "rule-zero-selftest.ts",
    "rule-zero.ts",
    "status-block.ts"
  ]
}
